// !$*UTF8*$!
{
	archiveVersion = 1;
	classes = {
	};
	objectVersion = 46;
	objects = {

/* Begin PBXBuildFile section */
		788B216F1DF6C981006D3153 /* UnityTapticPlugin.mm in Sources */ = {isa = PBXBuildFile; fileRef = 788B216E1DF6C981006D3153 /* UnityTapticPlugin.mm */; };
		78BEE6F51DF6B59800E1A435 /* main.m in Sources */ = {isa = PBXBuildFile; fileRef = 78BEE6F41DF6B59800E1A435 /* main.m */; };
		78BEE6F81DF6B59800E1A435 /* AppDelegate.m in Sources */ = {isa = PBXBuildFile; fileRef = 78BEE6F71DF6B59800E1A435 /* AppDelegate.m */; };
		78BEE6FB1DF6B59800E1A435 /* ViewController.m in Sources */ = {isa = PBXBuildFile; fileRef = 78BEE6FA1DF6B59800E1A435 /* ViewController.m */; };
		78BEE6FE1DF6B59800E1A435 /* Main.storyboard in Resources */ = {isa = PBXBuildFile; fileRef = 78BEE6FC1DF6B59800E1A435 /* Main.storyboard */; };
		78BEE7001DF6B59800E1A435 /* Assets.xcassets in Resources */ = {isa = PBXBuildFile; fileRef = 78BEE6FF1DF6B59800E1A435 /* Assets.xcassets */; };
		78BEE7031DF6B59800E1A435 /* LaunchScreen.storyboard in Resources */ = {isa = PBXBuildFile; fileRef = 78BEE7011DF6B59800E1A435 /* LaunchScreen.storyboard */; };
/* End PBXBuildFile section */

/* Begin PBXFileReference section */
		788B216E1DF6C981006D3153 /* UnityTapticPlugin.mm */ = {isa = PBXFileReference; fileEncoding = 4; lastKnownFileType = sourcecode.cpp.objcpp; path = UnityTapticPlugin.mm; sourceTree = "<group>"; };
		788B21701DF6C99D006D3153 /* UnityTapticPlugin.h */ = {isa = PBXFileReference; fileEncoding = 4; lastKnownFileType = sourcecode.c.h; path = UnityTapticPlugin.h; sourceTree = "<group>"; };
		78BEE6F01DF6B59700E1A435 /* unity-taptic-plugin.app */ = {isa = PBXFileReference; explicitFileType = wrapper.application; includeInIndex = 0; path = "unity-taptic-plugin.app"; sourceTree = BUILT_PRODUCTS_DIR; };
		78BEE6F41DF6B59800E1A435 /* main.m */ = {isa = PBXFileReference; lastKnownFileType = sourcecode.c.objc; path = main.m; sourceTree = "<group>"; };
		78BEE6F61DF6B59800E1A435 /* AppDelegate.h */ = {isa = PBXFileReference; lastKnownFileType = sourcecode.c.h; path = AppDelegate.h; sourceTree = "<group>"; };
		78BEE6F71DF6B59800E1A435 /* AppDelegate.m */ = {isa = PBXFileReference; lastKnownFileType = sourcecode.c.objc; path = AppDelegate.m; sourceTree = "<group>"; };
		78BEE6F91DF6B59800E1A435 /* ViewController.h */ = {isa = PBXFileReference; lastKnownFileType = sourcecode.c.h; path = ViewController.h; sourceTree = "<group>"; };
		78BEE6FA1DF6B59800E1A435 /* ViewController.m */ = {isa = PBXFileReference; lastKnownFileType = sourcecode.c.objc; path = ViewController.m; sourceTree = "<group>"; };
		78BEE6FD1DF6B59800E1A435 /* Base */ = {isa = PBXFileReference; lastKnownFileType = file.storyboard; name = Base; path = Base.lproj/Main.storyboard; sourceTree = "<group>"; };
		78BEE6FF1DF6B59800E1A435 /* Assets.xcassets */ = {isa = PBXFileReference; lastKnownFileType = folder.assetcatalog; path = Assets.xcassets; sourceTree = "<group>"; };
		78BEE7021DF6B59800E1A435 /* Base */ = {isa = PBXFileReference; lastKnownFileType = file.storyboard; name = Base; path = Base.lproj/LaunchScreen.storyboard; sourceTree = "<group>"; };
		78BEE7041DF6B59800E1A435 /* Info.plist */ = {isa = PBXFileReference; lastKnownFileType = text.plist.xml; path = Info.plist; sourceTree = "<group>"; };
/* End PBXFileReference section */

/* Begin PBXFrameworksBuildPhase section */
		78BEE6ED1DF6B59700E1A435 /* Frameworks */ = {
			isa = PBXFrameworksBuildPhase;
			buildActionMask = 2147483647;
			files = (
			);
			runOnlyForDeploymentPostprocessing = 0;
		};
/* End PBXFrameworksBuildPhase section */

/* Begin PBXGroup section */
		78BEE6E71DF6B59700E1A435 = {
			isa = PBXGroup;
			children = (
				78BEE6F21DF6B59700E1A435 /* unity-taptic-plugin */,
				78BEE6F11DF6B59700E1A435 /* Products */,
			);
			sourceTree = "<group>";
		};
		78BEE6F11DF6B59700E1A435 /* Products */ = {
			isa = PBXGroup;
			children = (
				78BEE6F01DF6B59700E1A435 /* unity-taptic-plugin.app */,
			);
			name = Products;
			sourceTree = "<group>";
		};
		78BEE6F21DF6B59700E1A435 /* unity-taptic-plugin */ = {
			isa = PBXGroup;
			children = (
				78BEE6F61DF6B59800E1A435 /* AppDelegate.h */,
				78BEE6F71DF6B59800E1A435 /* AppDelegate.m */,
				78BEE6F91DF6B59800E1A435 /* ViewController.h */,
				78BEE6FA1DF6B59800E1A435 /* ViewController.m */,
				78BEE6FC1DF6B59800E1A435 /* Main.storyboard */,
				78BEE6FF1DF6B59800E1A435 /* Assets.xcassets */,
				78BEE7011DF6B59800E1A435 /* LaunchScreen.storyboard */,
				78BEE7041DF6B59800E1A435 /* Info.plist */,
				78BEE6F31DF6B59800E1A435 /* Supporting Files */,
				788B216E1DF6C981006D3153 /* UnityTapticPlugin.mm */,
				788B21701DF6C99D006D3153 /* UnityTapticPlugin.h */,
			);
			path = "unity-taptic-plugin";
			sourceTree = "<group>";
		};
		78BEE6F31DF6B59800E1A435 /* Supporting Files */ = {
			isa = PBXGroup;
			children = (
				78BEE6F41DF6B59800E1A435 /* main.m */,
			);
			name = "Supporting Files";
			sourceTree = "<group>";
		};
/* End PBXGroup section */

/* Begin PBXNativeTarget section */
		78BEE6EF1DF6B59700E1A435 /* unity-taptic-plugin */ = {
			isa = PBXNativeTarget;
			buildConfigurationList = 78BEE7071DF6B59800E1A435 /* Build configuration list for PBXNativeTarget "unity-taptic-plugin" */;
			buildPhases = (
				78BEE6EC1DF6B59700E1A435 /* Sources */,
				78BEE6ED1DF6B59700E1A435 /* Frameworks */,
				78BEE6EE1DF6B59700E1A435 /* Resources */,
			);
			buildRules = (
			);
			dependencies = (
			);
			name = "unity-taptic-plugin";
			productName = "unity-taptic-plugin";
			productReference = 78BEE6F01DF6B59700E1A435 /* unity-taptic-plugin.app */;
			productType = "com.apple.product-type.application";
		};
/* End PBXNativeTarget section */

/* Begin PBXProject section */
		78BEE6E81DF6B59700E1A435 /* Project object */ = {
			isa = PBXProject;
			attributes = {
				LastUpgradeCheck = 0810;
				ORGANIZATIONNAME = asus4;
				TargetAttributes = {
					78BEE6EF1DF6B59700E1A435 = {
						CreatedOnToolsVersion = 8.1;
						DevelopmentTeam = 28KUHZR8X3;
						ProvisioningStyle = Automatic;
					};
				};
			};
			buildConfigurationList = 78BEE6EB1DF6B59700E1A435 /* Build configuration list for PBXProject "unity-taptic-plugin" */;
			compatibilityVersion = "Xcode 3.2";
			developmentRegion = English;
			hasScannedForEncodings = 0;
			knownRegions = (
				en,
				Base,
			);
			mainGroup = 78BEE6E71DF6B59700E1A435;
			productRefGroup = 78BEE6F11DF6B59700E1A435 /* Products */;
			projectDirPath = "";
			projectRoot = "";
			targets = (
				78BEE6EF1DF6B59700E1A435 /* unity-taptic-plugin */,
			);
		};
/* End PBXProject section */

/* Begin PBXResourcesBuildPhase section */
		78BEE6EE1DF6B59700E1A435 /* Resources */ = {
			isa = PBXResourcesBuildPhase;
			buildActionMask = 2147483647;
			files = (
				78BEE7031DF6B59800E1A435 /* LaunchScreen.storyboard in Resources */,
				78BEE7001DF6B59800E1A435 /* Assets.xcassets in Resources */,
				78BEE6FE1DF6B59800E1A435 /* Main.storyboard in Resources */,
			);
			runOnlyForDeploymentPostprocessing = 0;
		};
/* End PBXResourcesBuildPhase section */

/* Begin PBXSourcesBuildPhase section */
		78BEE6EC1DF6B59700E1A435 /* Sources */ = {
			isa = PBXSourcesBuildPhase;
			buildActionMask = 2147483647;
			files = (
				78BEE6FB1DF6B59800E1A435 /* ViewController.m in Sources */,
				78BEE6F81DF6B59800E1A435 /* AppDelegate.m in Sources */,
				78BEE6F51DF6B59800E1A435 /* main.m in Sources */,
				788B216F1DF6C981006D3153 /* UnityTapticPlugin.mm in Sources */,
			);
			runOnlyForDeploymentPostprocessing = 0;
		};
/* End PBXSourcesBuildPhase section */

/* Begin PBXVariantGroup section */
		78BEE6FC1DF6B59800E1A435 /* Main.storyboard */ = {
			isa = PBXVariantGroup;
			children = (
				78BEE6FD1DF6B59800E1A435 /* Base */,
			);
			name = Main.storyboard;
			sourceTree = "<group>";
		};
		78BEE7011DF6B59800E1A435 /* LaunchScreen.storyboard */ = {
			isa = PBXVariantGroup;
			children = (
				78BEE7021DF6B59800E1A435 /* Base */,
			);
			name = LaunchScreen.storyboard;
			sourceTree = "<group>";
		};
/* End PBXVariantGroup section */

/* Begin XCBuildConfiguration section */
		78BEE7051DF6B59800E1A435 /* Debug */ = {
			isa = XCBuildConfiguration;
			buildSettings = {
				ALWAYS_SEARCH_USER_PATHS = NO;
				CLANG_ANALYZER_NONNULL = YES;
				CLANG_CXX_LANGUAGE_STANDARD = "gnu++0x";
				CLANG_CXX_LIBRARY = "libc++";
				CLANG_ENABLE_MODULES = YES;
				CLANG_ENABLE_OBJC_ARC = YES;
				CLANG_WARN_BOOL_CONVERSION = YES;
				CLANG_WARN_CONSTANT_CONVERSION = YES;
				CLANG_WARN_DIRECT_OBJC_ISA_USAGE = YES_ERROR;
				CLANG_WARN_DOCUMENTATION_COMMENTS = YES;
				CLANG_WARN_EMPTY_BODY = YES;
				CLANG_WARN_ENUM_CONVERSION = YES;
				CLANG_WARN_INFINITE_RECURSION = YES;
				CLANG_WARN_INT_CONVERSION = YES;
				CLANG_WARN_OBJC_ROOT_CLASS = YES_ERROR;
				CLANG_WARN_SUSPICIOUS_MOVES = YES;
				CLANG_WARN_UNREACHABLE_CODE = YES;
				CLANG_WARN__DUPLICATE_METHOD_MATCH = YES;
				"CODE_SIGN_IDENTITY[sdk=iphoneos*]" = "iPhone Developer";
				COPY_PHASE_STRIP = NO;
				DEBUG_INFORMATION_FORMAT = dwarf;
				ENABLE_STRICT_OBJC_MSGSEND = YES;
				ENABLE_TESTABILITY = YES;
				GCC_C_LANGUAGE_STANDARD = gnu99;
				GCC_DYNAMIC_NO_PIC = NO;
				GCC_NO_COMMON_BLOCKS = YES;
				GCC_OPTIMIZATION_LEVEL = 0;
				GCC_PREPROCESSOR_DEFINITIONS = (
					"DEBUG=1",
					"$(inherited)",
				);
				GCC_WARN_64_TO_32_BIT_CONVERSION = YES;
				GCC_WARN_ABOUT_RETURN_TYPE = YES_ERROR;
				GCC_WARN_UNDECLARED_SELECTOR = YES;
				GCC_WARN_UNINITIALIZED_AUTOS = YES_AGGRESSIVE;
				GCC_WARN_UNUSED_FUNCTION = YES;
				GCC_WARN_UNUSED_VARIABLE = YES;
				IPHONEOS_DEPLOYMENT_TARGET = 10.1;
				MTL_ENABLE_DEBUG_INFO = YES;
				ONLY_ACTIVE_ARCH = YES;
				SDKROOT = iphoneos;
				TARGETED_DEVICE_FAMILY = "1,2";
			};
			name = Debug;
		};
		78BEE7061DF6B59800E1A435 /* Release */ = {
			isa = XCBuildConfiguration;
			buildSettings = {
				ALWAYS_SEARCH_USER_PATHS = NO;
				CLANG_ANALYZER_NONNULL = YES;
				CLANG_CXX_LANGUAGE_STANDARD = "gnu++0x";
				CLANG_CXX_LIBRARY = "libc++";
				CLANG_ENABLE_MODULES = YES;
				CLANG_ENABLE_OBJC_ARC = YES;
				CLANG_WARN_BOOL_CONVERSION = YES;
				CLANG_WARN_CONSTANT_CONVERSION = YES;
				CLANG_WARN_DIRECT_OBJC_ISA_USAGE = YES_ERROR;
				CLANG_WARN_DOCUMENTATION_COMMENTS = YES;
				CLANG_WARN_EMPTY_BODY = YES;
				CLANG_WARN_ENUM_CONVERSION = YES;
				CLANG_WARN_INFINITE_RECURSION = YES;
				CLANG_WARN_INT_CONVERSION = YES;
				CLANG_WARN_OBJC_ROOT_CLASS = YES_ERROR;
				CLANG_WARN_SUSPICIOUS_MOVES = YES;
				CLANG_WARN_UNREACHABLE_CODE = YES;
				CLANG_WARN__DUPLICATE_METHOD_MATCH = YES;
				"CODE_SIGN_IDENTITY[sdk=iphoneos*]" = "iPhone Developer";
				COPY_PHASE_STRIP = NO;
				DEBUG_INFORMATION_FORMAT = "dwarf-with-dsym";
				ENABLE_NS_ASSERTIONS = NO;
				ENABLE_STRICT_OBJC_MSGSEND = YES;
				GCC_C_LANGUAGE_STANDARD = gnu99;
				GCC_NO_COMMON_BLOCKS = YES;
				GCC_WARN_64_TO_32_BIT_CONVERSION = YES;
				GCC_WARN_ABOUT_RETURN_TYPE = YES_ERROR;
				GCC_WARN_UNDECLARED_SELECTOR = YES;
				GCC_WARN_UNINITIALIZED_AUTOS = YES_AGGRESSIVE;
				GCC_WARN_UNUSED_FUNCTION = YES;
				GCC_WARN_UNUSED_VARIABLE = YES;
				IPHONEOS_DEPLOYMENT_TARGET = 10.1;
				MTL_ENABLE_DEBUG_INFO = NO;
				SDKROOT = iphoneos;
				TARGETED_DEVICE_FAMILY = "1,2";
				VALIDATE_PRODUCT = YES;
			};
			name = Release;
		};
		78BEE7081DF6B59800E1A435 /* Debug */ = {
			isa = XCBuildConfiguration;
			buildSettings = {
				ASSETCATALOG_COMPILER_APPICON_NAME = AppIcon;
				DEVELOPMENT_TEAM = 28KUHZR8X3;
				INFOPLIST_FILE = "unity-taptic-plugin/Info.plist";
				LD_RUNPATH_SEARCH_PATHS = "$(inherited) @executable_path/Frameworks";
				PRODUCT_BUNDLE_IDENTIFIER = "com.github.asus4.unity-taptic-plugin";
				PRODUCT_NAME = "$(TARGET_NAME)";
			};
			name = Debug;
		};
		78BEE7091DF6B59800E1A435 /* Release */ = {
			isa = XCBuildConfiguration;
			buildSettings = {
				ASSETCATALOG_COMPILER_APPICON_NAME = AppIcon;
				DEVELOPMENT_TEAM = 28KUHZR8X3;
				INFOPLIST_FILE = "unity-taptic-plugin/Info.plist";
				LD_RUNPATH_SEARCH_PATHS = "$(inherited) @executable_path/Frameworks";
				PRODUCT_BUNDLE_IDENTIFIER = "com.github.asus4.unity-taptic-plugin";
				PRODUCT_NAME = "$(TARGET_NAME)";
			};
			name = Release;
		};
/* End XCBuildConfiguration section */

/* Begin XCConfigurationList section */
		78BEE6EB1DF6B59700E1A435 /* Build configuration list for PBXProject "unity-taptic-plugin" */ = {
			isa = XCConfigurationList;
			buildConfigurations = (
				78BEE7051DF6B59800E1A435 /* Debug */,
				78BEE7061DF6B59800E1A435 /* Release */,
			);
			defaultConfigurationIsVisible = 0;
			defaultConfigurationName = Release;
		};
		78BEE7071DF6B59800E1A435 /* Build configuration list for PBXNativeTarget "unity-taptic-plugin" */ = {
			isa = XCConfigurationList;
			buildConfigurations = (
				78BEE7081DF6B59800E1A435 /* Debug */,
				78BEE7091DF6B59800E1A435 /* Release */,
			);
			defaultConfigurationIsVisible = 0;
			defaultConfigurationName = Release;
		};
/* End XCConfigurationList section */
	};
	rootObject = 78BEE6E81DF6B59700E1A435 /* Project object */;
}
